// !$*UTF8*$!
{
	archiveVersion = 1;
	classes = {
	};
	objectVersion = 77;
	objects = {

/* Begin PBXContainerItemProxy section */
		54D3A8202E32F00300A31559 /* PBXContainerItemProxy */ = {
			isa = PBXContainerItemProxy;
			containerPortal = 54D3A80A2E32F00100A31559 /* Project object */;
			proxyType = 1;
			remoteGlobalIDString = 54D3A8112E32F00100A31559;
			remoteInfo = WorkLifeBalanceApp;
		};
		54D3A82A2E32F00300A31559 /* PBXContainerItemProxy */ = {
			isa = PBXContainerItemProxy;
			containerPortal = 54D3A80A2E32F00100A31559 /* Project object */;
			proxyType = 1;
			remoteGlobalIDString = 54D3A8112E32F00100A31559;
			remoteInfo = WorkLifeBalanceApp;
		};
/* End PBXContainerItemProxy section */

/* Begin PBXFileReference section */
		54D3A8122E32F00100A31559 /* WorkLifeBalanceApp.app */ = {isa = PBXFileReference; explicitFileType = wrapper.application; includeInIndex = 0; path = WorkLifeBalanceApp.app; sourceTree = BUILT_PRODUCTS_DIR; };
		54D3A81F2E32F00300A31559 /* WorkLifeBalanceAppTests.xctest */ = {isa = PBXFileReference; explicitFileType = wrapper.cfbundle; includeInIndex = 0; path = WorkLifeBalanceAppTests.xctest; sourceTree = BUILT_PRODUCTS_DIR; };
		54D3A8292E32F00300A31559 /* WorkLifeBalanceAppUITests.xctest */ = {isa = PBXFileReference; explicitFileType = wrapper.cfbundle; includeInIndex = 0; path = WorkLifeBalanceAppUITests.xctest; sourceTree = BUILT_PRODUCTS_DIR; };
/* End PBXFileReference section */

/* Begin PBXFileSystemSynchronizedBuildFileExceptionSet section */
		54D3A83D2E32F16E00A31559 /* Exceptions for "WorkLifeBalanceApp" folder in "WorkLifeBalanceApp" target */ = {
			isa = PBXFileSystemSynchronizedBuildFileExceptionSet;
			membershipExceptions = (
				Info.plist,
			);
			target = 54D3A8112E32F00100A31559 /* WorkLifeBalanceApp */;
		};
/* End PBXFileSystemSynchronizedBuildFileExceptionSet section */

/* Begin PBXFileSystemSynchronizedRootGroup section */
		54D3A8142E32F00100A31559 /* WorkLifeBalanceApp */ = {
			isa = PBXFileSystemSynchronizedRootGroup;
			exceptions = (
				54D3A83D2E32F16E00A31559 /* Exceptions for "WorkLifeBalanceApp" folder in "WorkLifeBalanceApp" target */,
			);
			path = WorkLifeBalanceApp;
			sourceTree = "<group>";
		};
		54D3A8222E32F00300A31559 /* WorkLifeBalanceAppTests */ = {
			isa = PBXFileSystemSynchronizedRootGroup;
			path = WorkLifeBalanceAppTests;
			sourceTree = "<group>";
		};
		54D3A82C2E32F00300A31559 /* WorkLifeBalanceAppUITests */ = {
			isa = PBXFileSystemSynchronizedRootGroup;
			path = WorkLifeBalanceAppUITests;
			sourceTree = "<group>";
		};
		54D3A8682E36E8EB00A31559 /* Fonts */ = {
			isa = PBXFileSystemSynchronizedRootGroup;
			path = Fonts;
			sourceTree = "<group>";
		};
/* End PBXFileSystemSynchronizedRootGroup section */

/* Begin PBXFrameworksBuildPhase section */
		54D3A80F2E32F00100A31559 /* Frameworks */ = {
			isa = PBXFrameworksBuildPhase;
			buildActionMask = 2147483647;
			files = (
			);
			runOnlyForDeploymentPostprocessing = 0;
		};
		54D3A81C2E32F00300A31559 /* Frameworks */ = {
			isa = PBXFrameworksBuildPhase;
			buildActionMask = 2147483647;
			files = (
			);
			runOnlyForDeploymentPostprocessing = 0;
		};
		54D3A8262E32F00300A31559 /* Frameworks */ = {
			isa = PBXFrameworksBuildPhase;
			buildActionMask = 2147483647;
			files = (
			);
			runOnlyForDeploymentPostprocessing = 0;
		};
/* End PBXFrameworksBuildPhase section */

/* Begin PBXGroup section */
		54D3A8092E32F00100A31559 = {
			isa = PBXGroup;
			children = (
				54D3A8682E36E8EB00A31559 /* Fonts */,
				54D3A8142E32F00100A31559 /* WorkLifeBalanceApp */,
				54D3A8222E32F00300A31559 /* WorkLifeBalanceAppTests */,
				54D3A82C2E32F00300A31559 /* WorkLifeBalanceAppUITests */,
				54D3A8132E32F00100A31559 /* Products */,
			);
			sourceTree = "<group>";
		};
		54D3A8132E32F00100A31559 /* Products */ = {
			isa = PBXGroup;
			children = (
				54D3A8122E32F00100A31559 /* WorkLifeBalanceApp.app */,
				54D3A81F2E32F00300A31559 /* WorkLifeBalanceAppTests.xctest */,
				54D3A8292E32F00300A31559 /* WorkLifeBalanceAppUITests.xctest */,
			);
			name = Products;
			sourceTree = "<group>";
		};
/* End PBXGroup section */

/* Begin PBXNativeTarget section */
		54D3A8112E32F00100A31559 /* WorkLifeBalanceApp */ = {
			isa = PBXNativeTarget;
			buildConfigurationList = 54D3A8332E32F00300A31559 /* Build configuration list for PBXNativeTarget "WorkLifeBalanceApp" */;
			buildPhases = (
				54D3A80E2E32F00100A31559 /* Sources */,
				54D3A80F2E32F00100A31559 /* Frameworks */,
				54D3A8102E32F00100A31559 /* Resources */,
			);
			buildRules = (
			);
			dependencies = (
			);
			fileSystemSynchronizedGroups = (
				54D3A8142E32F00100A31559 /* WorkLifeBalanceApp */,
				54D3A8682E36E8EB00A31559 /* Fonts */,
			);
			name = WorkLifeBalanceApp;
			packageProductDependencies = (
			);
			productName = WorkLifeBalanceApp;
			productReference = 54D3A8122E32F00100A31559 /* WorkLifeBalanceApp.app */;
			productType = "com.apple.product-type.application";
		};
		54D3A81E2E32F00300A31559 /* WorkLifeBalanceAppTests */ = {
			isa = PBXNativeTarget;
			buildConfigurationList = 54D3A8362E32F00300A31559 /* Build configuration list for PBXNativeTarget "WorkLifeBalanceAppTests" */;
			buildPhases = (
				54D3A81B2E32F00300A31559 /* Sources */,
				54D3A81C2E32F00300A31559 /* Frameworks */,
				54D3A81D2E32F00300A31559 /* Resources */,
			);
			buildRules = (
			);
			dependencies = (
				54D3A8212E32F00300A31559 /* PBXTargetDependency */,
			);
			fileSystemSynchronizedGroups = (
				54D3A8222E32F00300A31559 /* WorkLifeBalanceAppTests */,
			);
			name = WorkLifeBalanceAppTests;
			packageProductDependencies = (
			);
			productName = WorkLifeBalanceAppTests;
			productReference = 54D3A81F2E32F00300A31559 /* WorkLifeBalanceAppTests.xctest */;
			productType = "com.apple.product-type.bundle.unit-test";
		};
		54D3A8282E32F00300A31559 /* WorkLifeBalanceAppUITests */ = {
			isa = PBXNativeTarget;
			buildConfigurationList = 54D3A8392E32F00300A31559 /* Build configuration list for PBXNativeTarget "WorkLifeBalanceAppUITests" */;
			buildPhases = (
				54D3A8252E32F00300A31559 /* Sources */,
				54D3A8262E32F00300A31559 /* Frameworks */,
				54D3A8272E32F00300A31559 /* Resources */,
			);
			buildRules = (
			);
			dependencies = (
				54D3A82B2E32F00300A31559 /* PBXTargetDependency */,
			);
			fileSystemSynchronizedGroups = (
				54D3A82C2E32F00300A31559 /* WorkLifeBalanceAppUITests */,
			);
			name = WorkLifeBalanceAppUITests;
			packageProductDependencies = (
			);
			productName = WorkLifeBalanceAppUITests;
			productReference = 54D3A8292E32F00300A31559 /* WorkLifeBalanceAppUITests.xctest */;
			productType = "com.apple.product-type.bundle.ui-testing";
		};
/* End PBXNativeTarget section */

/* Begin PBXProject section */
		54D3A80A2E32F00100A31559 /* Project object */ = {
			isa = PBXProject;
			attributes = {
				BuildIndependentTargetsInParallel = 1;
				LastSwiftUpdateCheck = 1640;
				LastUpgradeCheck = 1640;
				TargetAttributes = {
					54D3A8112E32F00100A31559 = {
						CreatedOnToolsVersion = 16.4;
					};
					54D3A81E2E32F00300A31559 = {
						CreatedOnToolsVersion = 16.4;
						TestTargetID = 54D3A8112E32F00100A31559;
					};
					54D3A8282E32F00300A31559 = {
						CreatedOnToolsVersion = 16.4;
						TestTargetID = 54D3A8112E32F00100A31559;
					};
				};
			};
			buildConfigurationList = 54D3A80D2E32F00100A31559 /* Build configuration list for PBXProject "WorkLifeBalanceApp" */;
			developmentRegion = en;
			hasScannedForEncodings = 0;
			knownRegions = (
				en,
				Base,
			);
			mainGroup = 54D3A8092E32F00100A31559;
			minimizedProjectReferenceProxies = 1;
			preferredProjectObjectVersion = 77;
			productRefGroup = 54D3A8132E32F00100A31559 /* Products */;
			projectDirPath = "";
			projectRoot = "";
			targets = (
				54D3A8112E32F00100A31559 /* WorkLifeBalanceApp */,
				54D3A81E2E32F00300A31559 /* WorkLifeBalanceAppTests */,
				54D3A8282E32F00300A31559 /* WorkLifeBalanceAppUITests */,
			);
		};
/* End PBXProject section */

/* Begin PBXResourcesBuildPhase section */
		54D3A8102E32F00100A31559 /* Resources */ = {
			isa = PBXResourcesBuildPhase;
			buildActionMask = 2147483647;
			files = (
			);
			runOnlyForDeploymentPostprocessing = 0;
		};
		54D3A81D2E32F00300A31559 /* Resources */ = {
			isa = PBXResourcesBuildPhase;
			buildActionMask = 2147483647;
			files = (
			);
			runOnlyForDeploymentPostprocessing = 0;
		};
		54D3A8272E32F00300A31559 /* Resources */ = {
			isa = PBXResourcesBuildPhase;
			buildActionMask = 2147483647;
			files = (
			);
			runOnlyForDeploymentPostprocessing = 0;
		};
/* End PBXResourcesBuildPhase section */

/* Begin PBXSourcesBuildPhase section */
		54D3A80E2E32F00100A31559 /* Sources */ = {
			isa = PBXSourcesBuildPhase;
			buildActionMask = 2147483647;
			files = (
			);
			runOnlyForDeploymentPostprocessing = 0;
		};
		54D3A81B2E32F00300A31559 /* Sources */ = {
			isa = PBXSourcesBuildPhase;
			buildActionMask = 2147483647;
			files = (
			);
			runOnlyForDeploymentPostprocessing = 0;
		};
		54D3A8252E32F00300A31559 /* Sources */ = {
			isa = PBXSourcesBuildPhase;
			buildActionMask = 2147483647;
			files = (
			);
			runOnlyForDeploymentPostprocessing = 0;
		};
/* End PBXSourcesBuildPhase section */

/* Begin PBXTargetDependency section */
		54D3A8212E32F00300A31559 /* PBXTargetDependency */ = {
			isa = PBXTargetDependency;
			target = 54D3A8112E32F00100A31559 /* WorkLifeBalanceApp */;
			targetProxy = 54D3A8202E32F00300A31559 /* PBXContainerItemProxy */;
		};
		54D3A82B2E32F00300A31559 /* PBXTargetDependency */ = {
			isa = PBXTargetDependency;
			target = 54D3A8112E32F00100A31559 /* WorkLifeBalanceApp */;
			targetProxy = 54D3A82A2E32F00300A31559 /* PBXContainerItemProxy */;
		};
/* End PBXTargetDependency section */

/* Begin XCBuildConfiguration section */
		54D3A8312E32F00300A31559 /* Debug */ = {
			isa = XCBuildConfiguration;
			buildSettings = {
				ALWAYS_SEARCH_USER_PATHS = NO;
				ASSETCATALOG_COMPILER_GENERATE_SWIFT_ASSET_SYMBOL_EXTENSIONS = YES;
				CLANG_ANALYZER_NONNULL = YES;
				CLANG_ANALYZER_NUMBER_OBJECT_CONVERSION = YES_AGGRESSIVE;
				CLANG_CXX_LANGUAGE_STANDARD = "gnu++20";
				CLANG_ENABLE_MODULES = YES;
				CLANG_ENABLE_OBJC_ARC = YES;
				CLANG_ENABLE_OBJC_WEAK = YES;
				CLANG_WARN_BLOCK_CAPTURE_AUTORELEASING = YES;
				CLANG_WARN_BOOL_CONVERSION = YES;
				CLANG_WARN_COMMA = YES;
				CLANG_WARN_CONSTANT_CONVERSION = YES;
				CLANG_WARN_DEPRECATED_OBJC_IMPLEMENTATIONS = YES;
				CLANG_WARN_DIRECT_OBJC_ISA_USAGE = YES_ERROR;
				CLANG_WARN_DOCUMENTATION_COMMENTS = YES;
				CLANG_WARN_EMPTY_BODY = YES;
				CLANG_WARN_ENUM_CONVERSION = YES;
				CLANG_WARN_INFINITE_RECURSION = YES;
				CLANG_WARN_INT_CONVERSION = YES;
				CLANG_WARN_NON_LITERAL_NULL_CONVERSION = YES;
				CLANG_WARN_OBJC_IMPLICIT_RETAIN_SELF = YES;
				CLANG_WARN_OBJC_LITERAL_CONVERSION = YES;
				CLANG_WARN_OBJC_ROOT_CLASS = YES_ERROR;
				CLANG_WARN_QUOTED_INCLUDE_IN_FRAMEWORK_HEADER = YES;
				CLANG_WARN_RANGE_LOOP_ANALYSIS = YES;
				CLANG_WARN_STRICT_PROTOTYPES = YES;
				CLANG_WARN_SUSPICIOUS_MOVE = YES;
				CLANG_WARN_UNGUARDED_AVAILABILITY = YES_AGGRESSIVE;
				CLANG_WARN_UNREACHABLE_CODE = YES;
				CLANG_WARN__DUPLICATE_METHOD_MATCH = YES;
				COPY_PHASE_STRIP = NO;
				DEBUG_INFORMATION_FORMAT = dwarf;
				ENABLE_STRICT_OBJC_MSGSEND = YES;
				ENABLE_TESTABILITY = YES;
				ENABLE_USER_SCRIPT_SANDBOXING = YES;
				GCC_C_LANGUAGE_STANDARD = gnu17;
				GCC_DYNAMIC_NO_PIC = NO;
				GCC_NO_COMMON_BLOCKS = YES;
				GCC_OPTIMIZATION_LEVEL = 0;
				GCC_PREPROCESSOR_DEFINITIONS = (
					"DEBUG=1",
					"$(inherited)",
				);
				GCC_WARN_64_TO_32_BIT_CONVERSION = YES;
				GCC_WARN_ABOUT_RETURN_TYPE = YES_ERROR;
				GCC_WARN_UNDECLARED_SELECTOR = YES;
				GCC_WARN_UNINITIALIZED_AUTOS = YES_AGGRESSIVE;
				GCC_WARN_UNUSED_FUNCTION = YES;
				GCC_WARN_UNUSED_VARIABLE = YES;
				IPHONEOS_DEPLOYMENT_TARGET = 18.5;
				LOCALIZATION_PREFERS_STRING_CATALOGS = YES;
				MTL_ENABLE_DEBUG_INFO = INCLUDE_SOURCE;
				MTL_FAST_MATH = YES;
				ONLY_ACTIVE_ARCH = YES;
				SDKROOT = iphoneos;
				SWIFT_ACTIVE_COMPILATION_CONDITIONS = "DEBUG $(inherited)";
				SWIFT_OPTIMIZATION_LEVEL = "-Onone";
			};
			name = Debug;
		};
		54D3A8322E32F00300A31559 /* Release */ = {
			isa = XCBuildConfiguration;
			buildSettings = {
				ALWAYS_SEARCH_USER_PATHS = NO;
				ASSETCATALOG_COMPILER_GENERATE_SWIFT_ASSET_SYMBOL_EXTENSIONS = YES;
				CLANG_ANALYZER_NONNULL = YES;
				CLANG_ANALYZER_NUMBER_OBJECT_CONVERSION = YES_AGGRESSIVE;
				CLANG_CXX_LANGUAGE_STANDARD = "gnu++20";
				CLANG_ENABLE_MODULES = YES;
				CLANG_ENABLE_OBJC_ARC = YES;
				CLANG_ENABLE_OBJC_WEAK = YES;
				CLANG_WARN_BLOCK_CAPTURE_AUTORELEASING = YES;
				CLANG_WARN_BOOL_CONVERSION = YES;
				CLANG_WARN_COMMA = YES;
				CLANG_WARN_CONSTANT_CONVERSION = YES;
				CLANG_WARN_DEPRECATED_OBJC_IMPLEMENTATIONS = YES;
				CLANG_WARN_DIRECT_OBJC_ISA_USAGE = YES_ERROR;
				CLANG_WARN_DOCUMENTATION_COMMENTS = YES;
				CLANG_WARN_EMPTY_BODY = YES;
				CLANG_WARN_ENUM_CONVERSION = YES;
				CLANG_WARN_INFINITE_RECURSION = YES;
				CLANG_WARN_INT_CONVERSION = YES;
				CLANG_WARN_NON_LITERAL_NULL_CONVERSION = YES;
				CLANG_WARN_OBJC_IMPLICIT_RETAIN_SELF = YES;
				CLANG_WARN_OBJC_LITERAL_CONVERSION = YES;
				CLANG_WARN_OBJC_ROOT_CLASS = YES_ERROR;
				CLANG_WARN_QUOTED_INCLUDE_IN_FRAMEWORK_HEADER = YES;
				CLANG_WARN_RANGE_LOOP_ANALYSIS = YES;
				CLANG_WARN_STRICT_PROTOTYPES = YES;
				CLANG_WARN_SUSPICIOUS_MOVE = YES;
				CLANG_WARN_UNGUARDED_AVAILABILITY = YES_AGGRESSIVE;
				CLANG_WARN_UNREACHABLE_CODE = YES;
				CLANG_WARN__DUPLICATE_METHOD_MATCH = YES;
				COPY_PHASE_STRIP = NO;
				DEBUG_INFORMATION_FORMAT = "dwarf-with-dsym";
				ENABLE_NS_ASSERTIONS = NO;
				ENABLE_STRICT_OBJC_MSGSEND = YES;
				ENABLE_USER_SCRIPT_SANDBOXING = YES;
				GCC_C_LANGUAGE_STANDARD = gnu17;
				GCC_NO_COMMON_BLOCKS = YES;
				GCC_WARN_64_TO_32_BIT_CONVERSION = YES;
				GCC_WARN_ABOUT_RETURN_TYPE = YES_ERROR;
				GCC_WARN_UNDECLARED_SELECTOR = YES;
				GCC_WARN_UNINITIALIZED_AUTOS = YES_AGGRESSIVE;
				GCC_WARN_UNUSED_FUNCTION = YES;
				GCC_WARN_UNUSED_VARIABLE = YES;
				IPHONEOS_DEPLOYMENT_TARGET = 18.5;
				LOCALIZATION_PREFERS_STRING_CATALOGS = YES;
				MTL_ENABLE_DEBUG_INFO = NO;
				MTL_FAST_MATH = YES;
				SDKROOT = iphoneos;
				SWIFT_COMPILATION_MODE = wholemodule;
				VALIDATE_PRODUCT = YES;
			};
			name = Release;
		};
		54D3A8342E32F00300A31559 /* Debug */ = {
			isa = XCBuildConfiguration;
			buildSettings = {
				ASSETCATALOG_COMPILER_APPICON_NAME = AppIcon;
				ASSETCATALOG_COMPILER_GLOBAL_ACCENT_COLOR_NAME = AccentColor;
				CODE_SIGN_STYLE = Automatic;
				CURRENT_PROJECT_VERSION = 1;
				ENABLE_PREVIEWS = YES;
				GENERATE_INFOPLIST_FILE = YES;
				INFOPLIST_FILE = WorkLifeBalanceApp/Info.plist;
				INFOPLIST_KEY_UIApplicationSceneManifest_Generation = YES;
				INFOPLIST_KEY_UIApplicationSupportsIndirectInputEvents = YES;
				INFOPLIST_KEY_UILaunchScreen_Generation = YES;
				INFOPLIST_KEY_UISupportedInterfaceOrientations_iPad = "UIInterfaceOrientationPortrait UIInterfaceOrientationPortraitUpsideDown UIInterfaceOrientationLandscapeLeft UIInterfaceOrientationLandscapeRight";
				INFOPLIST_KEY_UISupportedInterfaceOrientations_iPhone = "UIInterfaceOrientationPortrait UIInterfaceOrientationLandscapeLeft UIInterfaceOrientationLandscapeRight";
				LD_RUNPATH_SEARCH_PATHS = (
					"$(inherited)",
					"@executable_path/Frameworks",
				);
				MARKETING_VERSION = 1.0;
				PRODUCT_BUNDLE_IDENTIFIER = com.YuvrajS.WorkLifeBalanceApp;
				PRODUCT_NAME = "$(TARGET_NAME)";
				SWIFT_EMIT_LOC_STRINGS = YES;
				SWIFT_VERSION = 5.0;
				TARGETED_DEVICE_FAMILY = "1,2";
			};
			name = Debug;
		};
		54D3A8352E32F00300A31559 /* Release */ = {
			isa = XCBuildConfiguration;
			buildSettings = {
				ASSETCATALOG_COMPILER_APPICON_NAME = AppIcon;
				ASSETCATALOG_COMPILER_GLOBAL_ACCENT_COLOR_NAME = AccentColor;
				CODE_SIGN_STYLE = Automatic;
				CURRENT_PROJECT_VERSION = 1;
				ENABLE_PREVIEWS = YES;
				GENERATE_INFOPLIST_FILE = YES;
				INFOPLIST_FILE = WorkLifeBalanceApp/Info.plist;
				INFOPLIST_KEY_UIApplicationSceneManifest_Generation = YES;
				INFOPLIST_KEY_UIApplicationSupportsIndirectInputEvents = YES;
				INFOPLIST_KEY_UILaunchScreen_Generation = YES;
				INFOPLIST_KEY_UISupportedInterfaceOrientations_iPad = "UIInterfaceOrientationPortrait UIInterfaceOrientationPortraitUpsideDown UIInterfaceOrientationLandscapeLeft UIInterfaceOrientationLandscapeRight";
				INFOPLIST_KEY_UISupportedInterfaceOrientations_iPhone = "UIInterfaceOrientationPortrait UIInterfaceOrientationLandscapeLeft UIInterfaceOrientationLandscapeRight";
				LD_RUNPATH_SEARCH_PATHS = (
					"$(inherited)",
					"@executable_path/Frameworks",
				);
				MARKETING_VERSION = 1.0;
				PRODUCT_BUNDLE_IDENTIFIER = com.YuvrajS.WorkLifeBalanceApp;
				PRODUCT_NAME = "$(TARGET_NAME)";
				SWIFT_EMIT_LOC_STRINGS = YES;
				SWIFT_VERSION = 5.0;
				TARGETED_DEVICE_FAMILY = "1,2";
			};
			name = Release;
		};
		54D3A8372E32F00300A31559 /* Debug */ = {
			isa = XCBuildConfiguration;
			buildSettings = {
				BUNDLE_LOADER = "$(TEST_HOST)";
				CODE_SIGN_STYLE = Automatic;
				CURRENT_PROJECT_VERSION = 1;
				GENERATE_INFOPLIST_FILE = YES;
				IPHONEOS_DEPLOYMENT_TARGET = 18.5;
				MARKETING_VERSION = 1.0;
				PRODUCT_BUNDLE_IDENTIFIER = com.YuvrajS.WorkLifeBalanceAppTests;
				PRODUCT_NAME = "$(TARGET_NAME)";
				SWIFT_EMIT_LOC_STRINGS = NO;
				SWIFT_VERSION = 5.0;
				TARGETED_DEVICE_FAMILY = "1,2";
				TEST_HOST = "$(BUILT_PRODUCTS_DIR)/WorkLifeBalanceApp.app/$(BUNDLE_EXECUTABLE_FOLDER_PATH)/WorkLifeBalanceApp";
			};
			name = Debug;
		};
		54D3A8382E32F00300A31559 /* Release */ = {
			isa = XCBuildConfiguration;
			buildSettings = {
				BUNDLE_LOADER = "$(TEST_HOST)";
				CODE_SIGN_STYLE = Automatic;
				CURRENT_PROJECT_VERSION = 1;
				GENERATE_INFOPLIST_FILE = YES;
				IPHONEOS_DEPLOYMENT_TARGET = 18.5;
				MARKETING_VERSION = 1.0;
				PRODUCT_BUNDLE_IDENTIFIER = com.YuvrajS.WorkLifeBalanceAppTests;
				PRODUCT_NAME = "$(TARGET_NAME)";
				SWIFT_EMIT_LOC_STRINGS = NO;
				SWIFT_VERSION = 5.0;
				TARGETED_DEVICE_FAMILY = "1,2";
				TEST_HOST = "$(BUILT_PRODUCTS_DIR)/WorkLifeBalanceApp.app/$(BUNDLE_EXECUTABLE_FOLDER_PATH)/WorkLifeBalanceApp";
			};
			name = Release;
		};
		54D3A83A2E32F00300A31559 /* Debug */ = {
			isa = XCBuildConfiguration;
			buildSettings = {
				CODE_SIGN_STYLE = Automatic;
				CURRENT_PROJECT_VERSION = 1;
				GENERATE_INFOPLIST_FILE = YES;
				MARKETING_VERSION = 1.0;
				PRODUCT_BUNDLE_IDENTIFIER = com.YuvrajS.WorkLifeBalanceAppUITests;
				PRODUCT_NAME = "$(TARGET_NAME)";
				SWIFT_EMIT_LOC_STRINGS = NO;
				SWIFT_VERSION = 5.0;
				TARGETED_DEVICE_FAMILY = "1,2";
				TEST_TARGET_NAME = WorkLifeBalanceApp;
			};
			name = Debug;
		};
		54D3A83B2E32F00300A31559 /* Release */ = {
			isa = XCBuildConfiguration;
			buildSettings = {
				CODE_SIGN_STYLE = Automatic;
				CURRENT_PROJECT_VERSION = 1;
				GENERATE_INFOPLIST_FILE = YES;
				MARKETING_VERSION = 1.0;
				PRODUCT_BUNDLE_IDENTIFIER = com.YuvrajS.WorkLifeBalanceAppUITests;
				PRODUCT_NAME = "$(TARGET_NAME)";
				SWIFT_EMIT_LOC_STRINGS = NO;
				SWIFT_VERSION = 5.0;
				TARGETED_DEVICE_FAMILY = "1,2";
				TEST_TARGET_NAME = WorkLifeBalanceApp;
			};
			name = Release;
		};
/* End XCBuildConfiguration section */

/* Begin XCConfigurationList section */
		54D3A80D2E32F00100A31559 /* Build configuration list for PBXProject "WorkLifeBalanceApp" */ = {
			isa = XCConfigurationList;
			buildConfigurations = (
				54D3A8312E32F00300A31559 /* Debug */,
				54D3A8322E32F00300A31559 /* Release */,
			);
			defaultConfigurationIsVisible = 0;
			defaultConfigurationName = Release;
		};
		54D3A8332E32F00300A31559 /* Build configuration list for PBXNativeTarget "WorkLifeBalanceApp" */ = {
			isa = XCConfigurationList;
			buildConfigurations = (
				54D3A8342E32F00300A31559 /* Debug */,
				54D3A8352E32F00300A31559 /* Release */,
			);
			defaultConfigurationIsVisible = 0;
			defaultConfigurationName = Release;
		};
		54D3A8362E32F00300A31559 /* Build configuration list for PBXNativeTarget "WorkLifeBalanceAppTests" */ = {
			isa = XCConfigurationList;
			buildConfigurations = (
				54D3A8372E32F00300A31559 /* Debug */,
				54D3A8382E32F00300A31559 /* Release */,
			);
			defaultConfigurationIsVisible = 0;
			defaultConfigurationName = Release;
		};
		54D3A8392E32F00300A31559 /* Build configuration list for PBXNativeTarget "WorkLifeBalanceAppUITests" */ = {
			isa = XCConfigurationList;
			buildConfigurations = (
				54D3A83A2E32F00300A31559 /* Debug */,
				54D3A83B2E32F00300A31559 /* Release */,
			);
			defaultConfigurationIsVisible = 0;
			defaultConfigurationName = Release;
		};
/* End XCConfigurationList section */
	};
	rootObject = 54D3A80A2E32F00100A31559 /* Project object */;
}
